
Microsoft Visual Studio Solution File, Format Version 12.00
# Visual Studio 2012
Project("{FAE04EC0-301F-11D3-BF4B-00C04F79EFBC}") = "MVVMApp", "MVVMApp\MVVMApp.csproj", "{2634346A-2C92-487B-813D-A9496471DFB7}"
EndProject
Project("{FAE04EC0-301F-11D3-BF4B-00C04F79EFBC}") = "MessageBoxMVVM", "MessageBoxMVVM\MessageBoxMVVM.csproj", "{3D153AB7-EC3D-4BB1-AAEE-6FC9ABF626DC}"
EndProject
Project("{FAE04EC0-301F-11D3-BF4B-00C04F79EFBC}") = "ShowWindowMVVM", "ShowWindowMVVM\ShowWindowMVVM.csproj", "{14239779-BD33-4F3D-A70C-35C20F0978DD}"
EndProject
Project("{FAE04EC0-301F-11D3-BF4B-00C04F79EFBC}") = "DataGridMVVM", "DataGridMVVM\DataGridMVVM.csproj", "{36E3F963-8582-4302-85B6-D0BFC0CE776B}"
EndProject
Project("{FAE04EC0-301F-11D3-BF4B-00C04F79EFBC}") = "GenericPrincipalMVVM", "GenericPrincipalMVVM\GenericPrincipalMVVM.csproj", "{B70A2F7E-6176-468D-9518-0A887D087605}"
EndProject
Project("{FAE04EC0-301F-11D3-BF4B-00C04F79EFBC}") = "DeclarativeSecurityCheckMVVM", "DeclarativeSecurityCheckMVVM\DeclarativeSecurityCheckMVVM.csproj", "{A6053709-5A06-421E-867F-4C536253DBCA}"
EndProject
Project("{FAE04EC0-301F-11D3-BF4B-00C04F79EFBC}") = "LoginWindowCloseMVVM", "LoginWindowCloseMVVM\LoginWindowCloseMVVM.csproj", "{156C32D1-70E9-4446-BA21-62B52E1F3B15}"
EndProject
Project("{FAE04EC0-301F-11D3-BF4B-00C04F79EFBC}") = "SerialPortReceiver", "SerialPortReceiver\SerialPortReceiver.csproj", "{7AA793B0-B304-42B4-AE72-4CD83871657B}"
EndProject
Project("{FAE04EC0-301F-11D3-BF4B-00C04F79EFBC}") = "SharedViewMVVM", "SharedViewMVVM\SharedViewMVVM.csproj", "{4C1EE555-A72B-4C55-A118-7CB859A1985C}"
EndProject
Project("{FAE04EC0-301F-11D3-BF4B-00C04F79EFBC}") = "AutoCompleteBoxMVVM", "AutoCompleteBoxMVVM\AutoCompleteBoxMVVM.csproj", "{2D2E7ACB-2CCB-4A28-8B6C-0CE65EDE07BF}"
EndProject
Global
	GlobalSection(SolutionConfigurationPlatforms) = preSolution
		Debug|Any CPU = Debug|Any CPU
		Release|Any CPU = Release|Any CPU
	EndGlobalSection
	GlobalSection(ProjectConfigurationPlatforms) = postSolution
		{2634346A-2C92-487B-813D-A9496471DFB7}.Debug|Any CPU.ActiveCfg = Debug|Any CPU
		{2634346A-2C92-487B-813D-A9496471DFB7}.Debug|Any CPU.Build.0 = Debug|Any CPU
		{2634346A-2C92-487B-813D-A9496471DFB7}.Release|Any CPU.ActiveCfg = Release|Any CPU
		{2634346A-2C92-487B-813D-A9496471DFB7}.Release|Any CPU.Build.0 = Release|Any CPU
		{3D153AB7-EC3D-4BB1-AAEE-6FC9ABF626DC}.Debug|Any CPU.ActiveCfg = Debug|Any CPU
		{3D153AB7-EC3D-4BB1-AAEE-6FC9ABF626DC}.Debug|Any CPU.Build.0 = Debug|Any CPU
		{3D153AB7-EC3D-4BB1-AAEE-6FC9ABF626DC}.Release|Any CPU.ActiveCfg = Release|Any CPU
		{3D153AB7-EC3D-4BB1-AAEE-6FC9ABF626DC}.Release|Any CPU.Build.0 = Release|Any CPU
		{14239779-BD33-4F3D-A70C-35C20F0978DD}.Debug|Any CPU.ActiveCfg = Debug|Any CPU
		{14239779-BD33-4F3D-A70C-35C20F0978DD}.Debug|Any CPU.Build.0 = Debug|Any CPU
		{14239779-BD33-4F3D-A70C-35C20F0978DD}.Release|Any CPU.ActiveCfg = Release|Any CPU
		{14239779-BD33-4F3D-A70C-35C20F0978DD}.Release|Any CPU.Build.0 = Release|Any CPU
		{36E3F963-8582-4302-85B6-D0BFC0CE776B}.Debug|Any CPU.ActiveCfg = Debug|Any CPU
		{36E3F963-8582-4302-85B6-D0BFC0CE776B}.Debug|Any CPU.Build.0 = Debug|Any CPU
		{36E3F963-8582-4302-85B6-D0BFC0CE776B}.Release|Any CPU.ActiveCfg = Release|Any CPU
		{36E3F963-8582-4302-85B6-D0BFC0CE776B}.Release|Any CPU.Build.0 = Release|Any CPU
		{B70A2F7E-6176-468D-9518-0A887D087605}.Debug|Any CPU.ActiveCfg = Debug|Any CPU
		{B70A2F7E-6176-468D-9518-0A887D087605}.Debug|Any CPU.Build.0 = Debug|Any CPU
		{B70A2F7E-6176-468D-9518-0A887D087605}.Release|Any CPU.ActiveCfg = Release|Any CPU
		{B70A2F7E-6176-468D-9518-0A887D087605}.Release|Any CPU.Build.0 = Release|Any CPU
		{A6053709-5A06-421E-867F-4C536253DBCA}.Debug|Any CPU.ActiveCfg = Debug|Any CPU
		{A6053709-5A06-421E-867F-4C536253DBCA}.Debug|Any CPU.Build.0 = Debug|Any CPU
		{A6053709-5A06-421E-867F-4C536253DBCA}.Release|Any CPU.ActiveCfg = Release|Any CPU
		{A6053709-5A06-421E-867F-4C536253DBCA}.Release|Any CPU.Build.0 = Release|Any CPU
		{156C32D1-70E9-4446-BA21-62B52E1F3B15}.Debug|Any CPU.ActiveCfg = Debug|Any CPU
		{156C32D1-70E9-4446-BA21-62B52E1F3B15}.Debug|Any CPU.Build.0 = Debug|Any CPU
		{156C32D1-70E9-4446-BA21-62B52E1F3B15}.Release|Any CPU.ActiveCfg = Release|Any CPU
		{156C32D1-70E9-4446-BA21-62B52E1F3B15}.Release|Any CPU.Build.0 = Release|Any CPU
		{7AA793B0-B304-42B4-AE72-4CD83871657B}.Debug|Any CPU.ActiveCfg = Debug|Any CPU
		{7AA793B0-B304-42B4-AE72-4CD83871657B}.Debug|Any CPU.Build.0 = Debug|Any CPU
		{7AA793B0-B304-42B4-AE72-4CD83871657B}.Release|Any CPU.ActiveCfg = Release|Any CPU
		{7AA793B0-B304-42B4-AE72-4CD83871657B}.Release|Any CPU.Build.0 = Release|Any CPU
		{4C1EE555-A72B-4C55-A118-7CB859A1985C}.Debug|Any CPU.ActiveCfg = Debug|Any CPU
		{4C1EE555-A72B-4C55-A118-7CB859A1985C}.Debug|Any CPU.Build.0 = Debug|Any CPU
		{4C1EE555-A72B-4C55-A118-7CB859A1985C}.Release|Any CPU.ActiveCfg = Release|Any CPU
		{4C1EE555-A72B-4C55-A118-7CB859A1985C}.Release|Any CPU.Build.0 = Release|Any CPU
		{2D2E7ACB-2CCB-4A28-8B6C-0CE65EDE07BF}.Debug|Any CPU.ActiveCfg = Debug|Any CPU
		{2D2E7ACB-2CCB-4A28-8B6C-0CE65EDE07BF}.Debug|Any CPU.Build.0 = Debug|Any CPU
		{2D2E7ACB-2CCB-4A28-8B6C-0CE65EDE07BF}.Release|Any CPU.ActiveCfg = Release|Any CPU
		{2D2E7ACB-2CCB-4A28-8B6C-0CE65EDE07BF}.Release|Any CPU.Build.0 = Release|Any CPU
	EndGlobalSection
	GlobalSection(SolutionProperties) = preSolution
		HideSolutionNode = FALSE
	EndGlobalSection
EndGlobal
